
Microsoft Visual Studio Solution File, Format Version 12.00
# Visual Studio Version 17
VisualStudioVersion = 17.4.33213.308
MinimumVisualStudioVersion = 10.0.40219.1
Project("{FAE04EC0-301F-11D3-BF4B-00C04F79EFBC}") = "xadrez-console", "xadrez-console\xadrez-console.csproj", "{A100DC00-3AE2-4B5D-B2EE-0A8BE8AFEFA9}"
EndProject
Global
	GlobalSection(SolutionConfigurationPlatforms) = preSolution
		Debug|Any CPU = Debug|Any CPU
		Release|Any CPU = Release|Any CPU
	EndGlobalSection
	GlobalSection(ProjectConfigurationPlatforms) = postSolution
		{A100DC00-3AE2-4B5D-B2EE-0A8BE8AFEFA9}.Debug|Any CPU.ActiveCfg = Debug|Any CPU
		{A100DC00-3AE2-4B5D-B2EE-0A8BE8AFEFA9}.Debug|Any CPU.Build.0 = Debug|Any CPU
		{A100DC00-3AE2-4B5D-B2EE-0A8BE8AFEFA9}.Release|Any CPU.ActiveCfg = Release|Any CPU
		{A100DC00-3AE2-4B5D-B2EE-0A8BE8AFEFA9}.Release|Any CPU.Build.0 = Release|Any CPU
	EndGlobalSection
	GlobalSection(SolutionProperties) = preSolution
		HideSolutionNode = FALSE
	EndGlobalSection
	GlobalSection(ExtensibilityGlobals) = postSolution
		SolutionGuid = {E22DDA17-0090-4C70-8A64-4EBB9CF68D66}
	EndGlobalSection
EndGlobal
